
Microsoft Visual Studio Solution File, Format Version 12.00
# Visual Studio Version 16
VisualStudioVersion = 16.0.31613.86
MinimumVisualStudioVersion = 10.0.40219.1
Project("{9A19103F-16F7-4668-BE54-9A1E7A4F7556}") = "Blasmec.Blazor", "Blasmec.Blazor\Blasmec.Blazor.csproj", "{FD64190B-2C7B-43D8-845A-CC2C382F7CC6}"
EndProject
Project("{9A19103F-16F7-4668-BE54-9A1E7A4F7556}") = "Blasmec.MoneyInput", "Blasmec.MoneyInput\Blasmec.MoneyInput.csproj", "{72800074-E631-4F77-AA5B-EB414F3E32C6}"
EndProject
Project("{9A19103F-16F7-4668-BE54-9A1E7A4F7556}") = "Blasmec.GanttChart", "Blasmec.GanttChart\Blasmec.GanttChart.csproj", "{DF164694-946C-451A-82E7-067DCC8BF68A}"
EndProject
Global
	GlobalSection(SolutionConfigurationPlatforms) = preSolution
		Debug|Any CPU = Debug|Any CPU
		Release|Any CPU = Release|Any CPU
	EndGlobalSection
	GlobalSection(ProjectConfigurationPlatforms) = postSolution
		{FD64190B-2C7B-43D8-845A-CC2C382F7CC6}.Debug|Any CPU.ActiveCfg = Debug|Any CPU
		{FD64190B-2C7B-43D8-845A-CC2C382F7CC6}.Debug|Any CPU.Build.0 = Debug|Any CPU
		{FD64190B-2C7B-43D8-845A-CC2C382F7CC6}.Release|Any CPU.ActiveCfg = Release|Any CPU
		{FD64190B-2C7B-43D8-845A-CC2C382F7CC6}.Release|Any CPU.Build.0 = Release|Any CPU
		{72800074-E631-4F77-AA5B-EB414F3E32C6}.Debug|Any CPU.ActiveCfg = Debug|Any CPU
		{72800074-E631-4F77-AA5B-EB414F3E32C6}.Debug|Any CPU.Build.0 = Debug|Any CPU
		{72800074-E631-4F77-AA5B-EB414F3E32C6}.Release|Any CPU.ActiveCfg = Release|Any CPU
		{72800074-E631-4F77-AA5B-EB414F3E32C6}.Release|Any CPU.Build.0 = Release|Any CPU
		{DF164694-946C-451A-82E7-067DCC8BF68A}.Debug|Any CPU.ActiveCfg = Debug|Any CPU
		{DF164694-946C-451A-82E7-067DCC8BF68A}.Debug|Any CPU.Build.0 = Debug|Any CPU
		{DF164694-946C-451A-82E7-067DCC8BF68A}.Release|Any CPU.ActiveCfg = Release|Any CPU
		{DF164694-946C-451A-82E7-067DCC8BF68A}.Release|Any CPU.Build.0 = Release|Any CPU
	EndGlobalSection
	GlobalSection(SolutionProperties) = preSolution
		HideSolutionNode = FALSE
	EndGlobalSection
	GlobalSection(ExtensibilityGlobals) = postSolution
		SolutionGuid = {9CD727FC-2880-4FDA-846D-524D5B9968C4}
	EndGlobalSection
EndGlobal
